
Microsoft Visual Studio Solution File, Format Version 11.00
# Visual Studio 2010
Project("{FAE04EC0-301F-11D3-BF4B-00C04F79EFBC}") = "Assembly-CSharp", "Assembly-CSharp.csproj", "{38DE3290-2D73-9188-6665-03A6786AA606}"
EndProject
Project("{FAE04EC0-301F-11D3-BF4B-00C04F79EFBC}") = "Assembly-CSharp-Editor", "Assembly-CSharp-Editor.csproj", "{118BF384-A14A-3D74-55C2-180CE8DCB349}"
EndProject
Global
	GlobalSection(SolutionConfigurationPlatforms) = preSolution
		Debug|Any CPU = Debug|Any CPU
		Release|Any CPU = Release|Any CPU
	EndGlobalSection
	GlobalSection(ProjectConfigurationPlatforms) = postSolution
		{38DE3290-2D73-9188-6665-03A6786AA606}.Debug|Any CPU.ActiveCfg = Debug|Any CPU
		{38DE3290-2D73-9188-6665-03A6786AA606}.Debug|Any CPU.Build.0 = Debug|Any CPU
		{38DE3290-2D73-9188-6665-03A6786AA606}.Release|Any CPU.ActiveCfg = Release|Any CPU
		{38DE3290-2D73-9188-6665-03A6786AA606}.Release|Any CPU.Build.0 = Release|Any CPU
		{118BF384-A14A-3D74-55C2-180CE8DCB349}.Debug|Any CPU.ActiveCfg = Debug|Any CPU
		{118BF384-A14A-3D74-55C2-180CE8DCB349}.Debug|Any CPU.Build.0 = Debug|Any CPU
		{118BF384-A14A-3D74-55C2-180CE8DCB349}.Release|Any CPU.ActiveCfg = Release|Any CPU
		{118BF384-A14A-3D74-55C2-180CE8DCB349}.Release|Any CPU.Build.0 = Release|Any CPU
	EndGlobalSection
	GlobalSection(SolutionProperties) = preSolution
		HideSolutionNode = FALSE
	EndGlobalSection
	GlobalSection(MonoDevelopProperties) = preSolution
		StartupItem = Assembly-CSharp.csproj
	EndGlobalSection
EndGlobal
